
Microsoft Visual Studio Solution File, Format Version 12.00
# Visual Studio Version 16
VisualStudioVersion = 16.0.35425.106
MinimumVisualStudioVersion = 10.0.40219.1
Project("{FAE04EC0-301F-11D3-BF4B-00C04F79EFBC}") = "webapplicationCntStaCtyReg_Layout", "webapplicationCntStaCtyReg_Layout.csproj", "{34A1B9F4-1CF0-4DD9-BAD6-A98EE1B78ADA}"
EndProject
Global
	GlobalSection(SolutionConfigurationPlatforms) = preSolution
		Debug|Any CPU = Debug|Any CPU
		Release|Any CPU = Release|Any CPU
	EndGlobalSection
	GlobalSection(ProjectConfigurationPlatforms) = postSolution
		{34A1B9F4-1CF0-4DD9-BAD6-A98EE1B78ADA}.Debug|Any CPU.ActiveCfg = Debug|Any CPU
		{34A1B9F4-1CF0-4DD9-BAD6-A98EE1B78ADA}.Debug|Any CPU.Build.0 = Debug|Any CPU
		{34A1B9F4-1CF0-4DD9-BAD6-A98EE1B78ADA}.Release|Any CPU.ActiveCfg = Release|Any CPU
		{34A1B9F4-1CF0-4DD9-BAD6-A98EE1B78ADA}.Release|Any CPU.Build.0 = Release|Any CPU
	EndGlobalSection
	GlobalSection(SolutionProperties) = preSolution
		HideSolutionNode = FALSE
	EndGlobalSection
	GlobalSection(ExtensibilityGlobals) = postSolution
		SolutionGuid = {461455F6-158F-447E-84A5-4C53A7139341}
	EndGlobalSection
EndGlobal
